
Microsoft Visual Studio Solution File, Format Version 12.00
# Visual Studio Version 17
VisualStudioVersion = 17.0.31903.59
MinimumVisualStudioVersion = 10.0.40219.1
Project("{FAE04EC0-301F-11D3-BF4B-00C04F79EFBC}") = "Domain", "Domain\Domain.csproj", "{96E09E08-BBBD-4267-A4E0-A3E2885CBBCF}"
EndProject
Global
	GlobalSection(SolutionConfigurationPlatforms) = preSolution
		Debug|Any CPU = Debug|Any CPU
		Release|Any CPU = Release|Any CPU
	EndGlobalSection
	GlobalSection(ProjectConfigurationPlatforms) = postSolution
		{96E09E08-BBBD-4267-A4E0-A3E2885CBBCF}.Debug|Any CPU.ActiveCfg = Debug|Any CPU
		{96E09E08-BBBD-4267-A4E0-A3E2885CBBCF}.Debug|Any CPU.Build.0 = Debug|Any CPU
		{96E09E08-BBBD-4267-A4E0-A3E2885CBBCF}.Release|Any CPU.ActiveCfg = Release|Any CPU
		{96E09E08-BBBD-4267-A4E0-A3E2885CBBCF}.Release|Any CPU.Build.0 = Release|Any CPU
	EndGlobalSection
	GlobalSection(SolutionProperties) = preSolution
		HideSolutionNode = FALSE
	EndGlobalSection
	GlobalSection(ExtensibilityGlobals) = postSolution
		SolutionGuid = {C8123486-A5EC-42A2-963C-4D7EBCFED752}
	EndGlobalSection
EndGlobal
